
Microsoft Visual Studio Solution File, Format Version 12.00
# Visual Studio Version 16
VisualStudioVersion = 16.0.28407.52
MinimumVisualStudioVersion = 10.0.40219.1
Project("{FAE04EC0-301F-11D3-BF4B-00C04F79EFBC}") = "ChartItMD.UWP", "ChartItMD\ChartItMD.UWP\ChartItMD.UWP.csproj", "{FCBB899D-6F7C-4263-B281-42D543D81C65}"
EndProject
Project("{FAE04EC0-301F-11D3-BF4B-00C04F79EFBC}") = "ChartItMD.Android", "ChartItMD\ChartItMD.Android\ChartItMD.Android.csproj", "{24CE3C36-16B9-426D-AA0C-5961ECF8D88C}"
EndProject
Project("{FAE04EC0-301F-11D3-BF4B-00C04F79EFBC}") = "ChartItMD.iOS", "ChartItMD\ChartItMD.iOS\ChartItMD.iOS.csproj", "{CFAC30DE-9470-445F-8F2D-F56AD1AF8812}"
EndProject
Project("{FAE04EC0-301F-11D3-BF4B-00C04F79EFBC}") = "ChartItMD", "ChartItMD\ChartItMD\ChartItMD.csproj", "{D08875E6-5E64-44D3-901C-C5F883C2F605}"
EndProject
Global
	GlobalSection(SolutionConfigurationPlatforms) = preSolution
		Debug|Any CPU = Debug|Any CPU
		Debug|ARM = Debug|ARM
		Debug|iPhone = Debug|iPhone
		Debug|iPhoneSimulator = Debug|iPhoneSimulator
		Debug|x64 = Debug|x64
		Debug|x86 = Debug|x86
		Release|Any CPU = Release|Any CPU
		Release|ARM = Release|ARM
		Release|iPhone = Release|iPhone
		Release|iPhoneSimulator = Release|iPhoneSimulator
		Release|x64 = Release|x64
		Release|x86 = Release|x86
	EndGlobalSection
	GlobalSection(ProjectConfigurationPlatforms) = postSolution
		{FCBB899D-6F7C-4263-B281-42D543D81C65}.Debug|Any CPU.ActiveCfg = Debug|x86
		{FCBB899D-6F7C-4263-B281-42D543D81C65}.Debug|Any CPU.Build.0 = Debug|x86
		{FCBB899D-6F7C-4263-B281-42D543D81C65}.Debug|Any CPU.Deploy.0 = Debug|x86
		{FCBB899D-6F7C-4263-B281-42D543D81C65}.Debug|ARM.ActiveCfg = Debug|ARM
		{FCBB899D-6F7C-4263-B281-42D543D81C65}.Debug|ARM.Build.0 = Debug|ARM
		{FCBB899D-6F7C-4263-B281-42D543D81C65}.Debug|ARM.Deploy.0 = Debug|ARM
		{FCBB899D-6F7C-4263-B281-42D543D81C65}.Debug|iPhone.ActiveCfg = Debug|x86
		{FCBB899D-6F7C-4263-B281-42D543D81C65}.Debug|iPhone.Build.0 = Debug|x86
		{FCBB899D-6F7C-4263-B281-42D543D81C65}.Debug|iPhone.Deploy.0 = Debug|x86
		{FCBB899D-6F7C-4263-B281-42D543D81C65}.Debug|iPhoneSimulator.ActiveCfg = Debug|x86
		{FCBB899D-6F7C-4263-B281-42D543D81C65}.Debug|iPhoneSimulator.Build.0 = Debug|x86
		{FCBB899D-6F7C-4263-B281-42D543D81C65}.Debug|iPhoneSimulator.Deploy.0 = Debug|x86
		{FCBB899D-6F7C-4263-B281-42D543D81C65}.Debug|x64.ActiveCfg = Debug|x64
		{FCBB899D-6F7C-4263-B281-42D543D81C65}.Debug|x64.Build.0 = Debug|x64
		{FCBB899D-6F7C-4263-B281-42D543D81C65}.Debug|x64.Deploy.0 = Debug|x64
		{FCBB899D-6F7C-4263-B281-42D543D81C65}.Debug|x86.ActiveCfg = Debug|x86
		{FCBB899D-6F7C-4263-B281-42D543D81C65}.Debug|x86.Build.0 = Debug|x86
		{FCBB899D-6F7C-4263-B281-42D543D81C65}.Debug|x86.Deploy.0 = Debug|x86
		{FCBB899D-6F7C-4263-B281-42D543D81C65}.Release|Any CPU.ActiveCfg = Release|x86
		{FCBB899D-6F7C-4263-B281-42D543D81C65}.Release|Any CPU.Build.0 = Release|x86
		{FCBB899D-6F7C-4263-B281-42D543D81C65}.Release|Any CPU.Deploy.0 = Release|x86
		{FCBB899D-6F7C-4263-B281-42D543D81C65}.Release|ARM.ActiveCfg = Release|ARM
		{FCBB899D-6F7C-4263-B281-42D543D81C65}.Release|ARM.Build.0 = Release|ARM
		{FCBB899D-6F7C-4263-B281-42D543D81C65}.Release|ARM.Deploy.0 = Release|ARM
		{FCBB899D-6F7C-4263-B281-42D543D81C65}.Release|iPhone.ActiveCfg = Release|x86
		{FCBB899D-6F7C-4263-B281-42D543D81C65}.Release|iPhone.Build.0 = Release|x86
		{FCBB899D-6F7C-4263-B281-42D543D81C65}.Release|iPhone.Deploy.0 = Release|x86
		{FCBB899D-6F7C-4263-B281-42D543D81C65}.Release|iPhoneSimulator.ActiveCfg = Release|x86
		{FCBB899D-6F7C-4263-B281-42D543D81C65}.Release|iPhoneSimulator.Build.0 = Release|x86
		{FCBB899D-6F7C-4263-B281-42D543D81C65}.Release|iPhoneSimulator.Deploy.0 = Release|x86
		{FCBB899D-6F7C-4263-B281-42D543D81C65}.Release|x64.ActiveCfg = Release|x64
		{FCBB899D-6F7C-4263-B281-42D543D81C65}.Release|x64.Build.0 = Release|x64
		{FCBB899D-6F7C-4263-B281-42D543D81C65}.Release|x64.Deploy.0 = Release|x64
		{FCBB899D-6F7C-4263-B281-42D543D81C65}.Release|x86.ActiveCfg = Release|x86
		{FCBB899D-6F7C-4263-B281-42D543D81C65}.Release|x86.Build.0 = Release|x86
		{FCBB899D-6F7C-4263-B281-42D543D81C65}.Release|x86.Deploy.0 = Release|x86
		{24CE3C36-16B9-426D-AA0C-5961ECF8D88C}.Debug|Any CPU.ActiveCfg = Debug|Any CPU
		{24CE3C36-16B9-426D-AA0C-5961ECF8D88C}.Debug|Any CPU.Build.0 = Debug|Any CPU
		{24CE3C36-16B9-426D-AA0C-5961ECF8D88C}.Debug|Any CPU.Deploy.0 = Debug|Any CPU
		{24CE3C36-16B9-426D-AA0C-5961ECF8D88C}.Debug|ARM.ActiveCfg = Debug|Any CPU
		{24CE3C36-16B9-426D-AA0C-5961ECF8D88C}.Debug|ARM.Build.0 = Debug|Any CPU
		{24CE3C36-16B9-426D-AA0C-5961ECF8D88C}.Debug|ARM.Deploy.0 = Debug|Any CPU
		{24CE3C36-16B9-426D-AA0C-5961ECF8D88C}.Debug|iPhone.ActiveCfg = Debug|Any CPU
		{24CE3C36-16B9-426D-AA0C-5961ECF8D88C}.Debug|iPhone.Build.0 = Debug|Any CPU
		{24CE3C36-16B9-426D-AA0C-5961ECF8D88C}.Debug|iPhone.Deploy.0 = Debug|Any CPU
		{24CE3C36-16B9-426D-AA0C-5961ECF8D88C}.Debug|iPhoneSimulator.ActiveCfg = Debug|Any CPU
		{24CE3C36-16B9-426D-AA0C-5961ECF8D88C}.Debug|iPhoneSimulator.Build.0 = Debug|Any CPU
		{24CE3C36-16B9-426D-AA0C-5961ECF8D88C}.Debug|iPhoneSimulator.Deploy.0 = Debug|Any CPU
		{24CE3C36-16B9-426D-AA0C-5961ECF8D88C}.Debug|x64.ActiveCfg = Debug|Any CPU
		{24CE3C36-16B9-426D-AA0C-5961ECF8D88C}.Debug|x64.Build.0 = Debug|Any CPU
		{24CE3C36-16B9-426D-AA0C-5961ECF8D88C}.Debug|x64.Deploy.0 = Debug|Any CPU
		{24CE3C36-16B9-426D-AA0C-5961ECF8D88C}.Debug|x86.ActiveCfg = Debug|Any CPU
		{24CE3C36-16B9-426D-AA0C-5961ECF8D88C}.Debug|x86.Build.0 = Debug|Any CPU
		{24CE3C36-16B9-426D-AA0C-5961ECF8D88C}.Debug|x86.Deploy.0 = Debug|Any CPU
		{24CE3C36-16B9-426D-AA0C-5961ECF8D88C}.Release|Any CPU.ActiveCfg = Release|Any CPU
		{24CE3C36-16B9-426D-AA0C-5961ECF8D88C}.Release|Any CPU.Build.0 = Release|Any CPU
		{24CE3C36-16B9-426D-AA0C-5961ECF8D88C}.Release|Any CPU.Deploy.0 = Release|Any CPU
		{24CE3C36-16B9-426D-AA0C-5961ECF8D88C}.Release|ARM.ActiveCfg = Release|Any CPU
		{24CE3C36-16B9-426D-AA0C-5961ECF8D88C}.Release|ARM.Build.0 = Release|Any CPU
		{24CE3C36-16B9-426D-AA0C-5961ECF8D88C}.Release|ARM.Deploy.0 = Release|Any CPU
		{24CE3C36-16B9-426D-AA0C-5961ECF8D88C}.Release|iPhone.ActiveCfg = Release|Any CPU
		{24CE3C36-16B9-426D-AA0C-5961ECF8D88C}.Release|iPhone.Build.0 = Release|Any CPU
		{24CE3C36-16B9-426D-AA0C-5961ECF8D88C}.Release|iPhone.Deploy.0 = Release|Any CPU
		{24CE3C36-16B9-426D-AA0C-5961ECF8D88C}.Release|iPhoneSimulator.ActiveCfg = Release|Any CPU
		{24CE3C36-16B9-426D-AA0C-5961ECF8D88C}.Release|iPhoneSimulator.Build.0 = Release|Any CPU
		{24CE3C36-16B9-426D-AA0C-5961ECF8D88C}.Release|iPhoneSimulator.Deploy.0 = Release|Any CPU
		{24CE3C36-16B9-426D-AA0C-5961ECF8D88C}.Release|x64.ActiveCfg = Release|Any CPU
		{24CE3C36-16B9-426D-AA0C-5961ECF8D88C}.Release|x64.Build.0 = Release|Any CPU
		{24CE3C36-16B9-426D-AA0C-5961ECF8D88C}.Release|x64.Deploy.0 = Release|Any CPU
		{24CE3C36-16B9-426D-AA0C-5961ECF8D88C}.Release|x86.ActiveCfg = Release|Any CPU
		{24CE3C36-16B9-426D-AA0C-5961ECF8D88C}.Release|x86.Build.0 = Release|Any CPU
		{24CE3C36-16B9-426D-AA0C-5961ECF8D88C}.Release|x86.Deploy.0 = Release|Any CPU
		{CFAC30DE-9470-445F-8F2D-F56AD1AF8812}.Debug|Any CPU.ActiveCfg = Debug|iPhone
		{CFAC30DE-9470-445F-8F2D-F56AD1AF8812}.Debug|Any CPU.Build.0 = Debug|iPhone
		{CFAC30DE-9470-445F-8F2D-F56AD1AF8812}.Debug|Any CPU.Deploy.0 = Debug|iPhone
		{CFAC30DE-9470-445F-8F2D-F56AD1AF8812}.Debug|ARM.ActiveCfg = Debug|iPhoneSimulator
		{CFAC30DE-9470-445F-8F2D-F56AD1AF8812}.Debug|ARM.Build.0 = Debug|iPhoneSimulator
		{CFAC30DE-9470-445F-8F2D-F56AD1AF8812}.Debug|ARM.Deploy.0 = Debug|iPhoneSimulator
		{CFAC30DE-9470-445F-8F2D-F56AD1AF8812}.Debug|iPhone.ActiveCfg = Debug|iPhone
		{CFAC30DE-9470-445F-8F2D-F56AD1AF8812}.Debug|iPhone.Build.0 = Debug|iPhone
		{CFAC30DE-9470-445F-8F2D-F56AD1AF8812}.Debug|iPhone.Deploy.0 = Debug|iPhone
		{CFAC30DE-9470-445F-8F2D-F56AD1AF8812}.Debug|iPhoneSimulator.ActiveCfg = Debug|iPhoneSimulator
		{CFAC30DE-9470-445F-8F2D-F56AD1AF8812}.Debug|iPhoneSimulator.Build.0 = Debug|iPhoneSimulator
		{CFAC30DE-9470-445F-8F2D-F56AD1AF8812}.Debug|iPhoneSimulator.Deploy.0 = Debug|iPhoneSimulator
		{CFAC30DE-9470-445F-8F2D-F56AD1AF8812}.Debug|x64.ActiveCfg = Debug|iPhone
		{CFAC30DE-9470-445F-8F2D-F56AD1AF8812}.Debug|x64.Build.0 = Debug|iPhone
		{CFAC30DE-9470-445F-8F2D-F56AD1AF8812}.Debug|x64.Deploy.0 = Debug|iPhone
		{CFAC30DE-9470-445F-8F2D-F56AD1AF8812}.Debug|x86.ActiveCfg = Debug|iPhone
		{CFAC30DE-9470-445F-8F2D-F56AD1AF8812}.Debug|x86.Build.0 = Debug|iPhone
		{CFAC30DE-9470-445F-8F2D-F56AD1AF8812}.Debug|x86.Deploy.0 = Debug|iPhone
		{CFAC30DE-9470-445F-8F2D-F56AD1AF8812}.Release|Any CPU.ActiveCfg = Release|iPhone
		{CFAC30DE-9470-445F-8F2D-F56AD1AF8812}.Release|Any CPU.Build.0 = Release|iPhone
		{CFAC30DE-9470-445F-8F2D-F56AD1AF8812}.Release|Any CPU.Deploy.0 = Release|iPhone
		{CFAC30DE-9470-445F-8F2D-F56AD1AF8812}.Release|ARM.ActiveCfg = Release|iPhone
		{CFAC30DE-9470-445F-8F2D-F56AD1AF8812}.Release|ARM.Build.0 = Release|iPhone
		{CFAC30DE-9470-445F-8F2D-F56AD1AF8812}.Release|ARM.Deploy.0 = Release|iPhone
		{CFAC30DE-9470-445F-8F2D-F56AD1AF8812}.Release|iPhone.ActiveCfg = Release|iPhone
		{CFAC30DE-9470-445F-8F2D-F56AD1AF8812}.Release|iPhone.Build.0 = Release|iPhone
		{CFAC30DE-9470-445F-8F2D-F56AD1AF8812}.Release|iPhone.Deploy.0 = Release|iPhone
		{CFAC30DE-9470-445F-8F2D-F56AD1AF8812}.Release|iPhoneSimulator.ActiveCfg = Release|iPhoneSimulator
		{CFAC30DE-9470-445F-8F2D-F56AD1AF8812}.Release|iPhoneSimulator.Build.0 = Release|iPhoneSimulator
		{CFAC30DE-9470-445F-8F2D-F56AD1AF8812}.Release|iPhoneSimulator.Deploy.0 = Release|iPhoneSimulator
		{CFAC30DE-9470-445F-8F2D-F56AD1AF8812}.Release|x64.ActiveCfg = Release|iPhone
		{CFAC30DE-9470-445F-8F2D-F56AD1AF8812}.Release|x64.Build.0 = Release|iPhone
		{CFAC30DE-9470-445F-8F2D-F56AD1AF8812}.Release|x64.Deploy.0 = Release|iPhone
		{CFAC30DE-9470-445F-8F2D-F56AD1AF8812}.Release|x86.ActiveCfg = Release|iPhone
		{CFAC30DE-9470-445F-8F2D-F56AD1AF8812}.Release|x86.Build.0 = Release|iPhone
		{CFAC30DE-9470-445F-8F2D-F56AD1AF8812}.Release|x86.Deploy.0 = Release|iPhone
		{D08875E6-5E64-44D3-901C-C5F883C2F605}.Debug|Any CPU.ActiveCfg = Debug|Any CPU
		{D08875E6-5E64-44D3-901C-C5F883C2F605}.Debug|Any CPU.Build.0 = Debug|Any CPU
		{D08875E6-5E64-44D3-901C-C5F883C2F605}.Debug|Any CPU.Deploy.0 = Debug|Any CPU
		{D08875E6-5E64-44D3-901C-C5F883C2F605}.Debug|ARM.ActiveCfg = Debug|Any CPU
		{D08875E6-5E64-44D3-901C-C5F883C2F605}.Debug|ARM.Build.0 = Debug|Any CPU
		{D08875E6-5E64-44D3-901C-C5F883C2F605}.Debug|ARM.Deploy.0 = Debug|Any CPU
		{D08875E6-5E64-44D3-901C-C5F883C2F605}.Debug|iPhone.ActiveCfg = Debug|Any CPU
		{D08875E6-5E64-44D3-901C-C5F883C2F605}.Debug|iPhone.Build.0 = Debug|Any CPU
		{D08875E6-5E64-44D3-901C-C5F883C2F605}.Debug|iPhone.Deploy.0 = Debug|Any CPU
		{D08875E6-5E64-44D3-901C-C5F883C2F605}.Debug|iPhoneSimulator.ActiveCfg = Debug|Any CPU
		{D08875E6-5E64-44D3-901C-C5F883C2F605}.Debug|iPhoneSimulator.Build.0 = Debug|Any CPU
		{D08875E6-5E64-44D3-901C-C5F883C2F605}.Debug|iPhoneSimulator.Deploy.0 = Debug|Any CPU
		{D08875E6-5E64-44D3-901C-C5F883C2F605}.Debug|x64.ActiveCfg = Debug|Any CPU
		{D08875E6-5E64-44D3-901C-C5F883C2F605}.Debug|x64.Build.0 = Debug|Any CPU
		{D08875E6-5E64-44D3-901C-C5F883C2F605}.Debug|x64.Deploy.0 = Debug|Any CPU
		{D08875E6-5E64-44D3-901C-C5F883C2F605}.Debug|x86.ActiveCfg = Debug|Any CPU
		{D08875E6-5E64-44D3-901C-C5F883C2F605}.Debug|x86.Build.0 = Debug|Any CPU
		{D08875E6-5E64-44D3-901C-C5F883C2F605}.Debug|x86.Deploy.0 = Debug|Any CPU
		{D08875E6-5E64-44D3-901C-C5F883C2F605}.Release|Any CPU.ActiveCfg = Release|Any CPU
		{D08875E6-5E64-44D3-901C-C5F883C2F605}.Release|Any CPU.Build.0 = Release|Any CPU
		{D08875E6-5E64-44D3-901C-C5F883C2F605}.Release|Any CPU.Deploy.0 = Release|Any CPU
		{D08875E6-5E64-44D3-901C-C5F883C2F605}.Release|ARM.ActiveCfg = Release|Any CPU
		{D08875E6-5E64-44D3-901C-C5F883C2F605}.Release|ARM.Build.0 = Release|Any CPU
		{D08875E6-5E64-44D3-901C-C5F883C2F605}.Release|ARM.Deploy.0 = Release|Any CPU
		{D08875E6-5E64-44D3-901C-C5F883C2F605}.Release|iPhone.ActiveCfg = Release|Any CPU
		{D08875E6-5E64-44D3-901C-C5F883C2F605}.Release|iPhone.Build.0 = Release|Any CPU
		{D08875E6-5E64-44D3-901C-C5F883C2F605}.Release|iPhone.Deploy.0 = Release|Any CPU
		{D08875E6-5E64-44D3-901C-C5F883C2F605}.Release|iPhoneSimulator.ActiveCfg = Release|Any CPU
		{D08875E6-5E64-44D3-901C-C5F883C2F605}.Release|iPhoneSimulator.Build.0 = Release|Any CPU
		{D08875E6-5E64-44D3-901C-C5F883C2F605}.Release|iPhoneSimulator.Deploy.0 = Release|Any CPU
		{D08875E6-5E64-44D3-901C-C5F883C2F605}.Release|x64.ActiveCfg = Release|Any CPU
		{D08875E6-5E64-44D3-901C-C5F883C2F605}.Release|x64.Build.0 = Release|Any CPU
		{D08875E6-5E64-44D3-901C-C5F883C2F605}.Release|x64.Deploy.0 = Release|Any CPU
		{D08875E6-5E64-44D3-901C-C5F883C2F605}.Release|x86.ActiveCfg = Release|Any CPU
		{D08875E6-5E64-44D3-901C-C5F883C2F605}.Release|x86.Build.0 = Release|Any CPU
		{D08875E6-5E64-44D3-901C-C5F883C2F605}.Release|x86.Deploy.0 = Release|Any CPU
	EndGlobalSection
	GlobalSection(SolutionProperties) = preSolution
		HideSolutionNode = FALSE
	EndGlobalSection
	GlobalSection(ExtensibilityGlobals) = postSolution
		SolutionGuid = {DF03423F-21E5-4ADB-851C-5B9D8438C222}
	EndGlobalSection
EndGlobal
